
Microsoft Visual Studio Solution File, Format Version 12.00
# Visual Studio 2013
VisualStudioVersion = 12.0.30723.0
MinimumVisualStudioVersion = 10.0.40219.1
Project("{2150E333-8FDC-42A3-9474-1A3956D46DE8}") = ".nuget", ".nuget", "{6D76AA66-D37B-4A90-9255-9FC60ABCB8A6}"
	ProjectSection(SolutionItems) = preProject
		.nuget\NuGet.Config = .nuget\NuGet.Config
		.nuget\NuGet.exe = .nuget\NuGet.exe
		.nuget\NuGet.targets = .nuget\NuGet.targets
	EndProjectSection
EndProject
Project("{FAE04EC0-301F-11D3-BF4B-00C04F79EFBC}") = "DiversityService.API", "DiversityService.API\DiversityService.API.csproj", "{0FC0DE5E-B18F-4C16-AF70-B77F1DF8BB35}"
EndProject
Project("{2150E333-8FDC-42A3-9474-1A3956D46DE8}") = "PublishScripts", "PublishScripts", "{257B821C-5795-4A0D-9B50-165ABA114CCC}"
	ProjectSection(SolutionItems) = preProject
		PublishScripts\AzureWebsitePublishModule.psm1 = PublishScripts\AzureWebsitePublishModule.psm1
		PublishScripts\Publish-WebApplicationWebsite.ps1 = PublishScripts\Publish-WebApplicationWebsite.ps1
	EndProjectSection
EndProject
Project("{2150E333-8FDC-42A3-9474-1A3956D46DE8}") = "Configurations", "Configurations", "{586D50E0-49CF-44D2-9C61-447C46BA170C}"
	ProjectSection(SolutionItems) = preProject
		PublishScripts\Configurations\DiversityServiceAPIWebHost-WAWS-dev.json = PublishScripts\Configurations\DiversityServiceAPIWebHost-WAWS-dev.json
	EndProjectSection
EndProject
Project("{FAE04EC0-301F-11D3-BF4B-00C04F79EFBC}") = "DiversityService.API.Test", "DiversityService.API.Test\DiversityService.API.Test.csproj", "{015E3ED1-A751-435A-A608-487D088494FB}"
EndProject
Project("{FAE04EC0-301F-11D3-BF4B-00C04F79EFBC}") = "DiversityService.API.WebHost", "DiversityService.API.WebHost\DiversityService.API.WebHost.csproj", "{B6DF982C-AECD-42CF-920C-0C0ED3D3CE9A}"
EndProject
Project("{FAE04EC0-301F-11D3-BF4B-00C04F79EFBC}") = "DiversityService.API.Model", "DiversityService.API.Model\DiversityService.API.Model.csproj", "{0BDD8E4F-945E-4124-A914-C7FF50EA4E3C}"
EndProject
Project("{FAE04EC0-301F-11D3-BF4B-00C04F79EFBC}") = "DiversityService.API.Resources", "DiversityService.API.Resources\DiversityService.API.Resources.csproj", "{ABC6C87E-371B-4547-9C01-D007D3C9C170}"
EndProject
Project("{FAE04EC0-301F-11D3-BF4B-00C04F79EFBC}") = "DiversityService.API.Collection", "DiversityService.API.Collection\DiversityService.API.Collection.csproj", "{49E502EF-2918-4098-AFC4-4461BE012684}"
EndProject
Project("{FAE04EC0-301F-11D3-BF4B-00C04F79EFBC}") = "DiversityService.API.Client", "DiversityService.API.Client\DiversityService.API.Client.csproj", "{01042D2E-E1F1-4E37-B780-74B81F8478AA}"
EndProject
Project("{FAE04EC0-301F-11D3-BF4B-00C04F79EFBC}") = "DiversityService.API.Client.Test", "DiversityService.API.Client.Test\DiversityService.API.Client.Test.csproj", "{43FC7859-350B-4875-B4DE-BFDDA4C9113F}"
EndProject
Project("{FAE04EC0-301F-11D3-BF4B-00C04F79EFBC}") = "Siren.Net", "External\Siren.Net\Siren.Net\Siren.Net.csproj", "{33911319-004E-488D-B583-3F93284AB4DD}"
EndProject
Project("{FAE04EC0-301F-11D3-BF4B-00C04F79EFBC}") = "Siren.Net.Test", "External\Siren.Net\Siren.Net.Test\Siren.Net.Test.csproj", "{C3901580-5F8E-45B7-83C1-BB7DCB667273}"
EndProject
Project("{FAE04EC0-301F-11D3-BF4B-00C04F79EFBC}") = "Tavis.PrivateCache", "External\Tavis.PrivateCache\src\PrivateCache\Tavis.PrivateCache.csproj", "{5318637C-41C9-43EB-A357-DC40B00E008F}"
EndProject
Project("{FAE04EC0-301F-11D3-BF4B-00C04F79EFBC}") = "Tavis.PrivateCache.Tests", "External\Tavis.PrivateCache\src\PrivateCacheTests\Tavis.PrivateCache.Tests.csproj", "{81A0113C-44C8-44F3-B855-9FFAF5E63FC5}"
EndProject
Project("{FAE04EC0-301F-11D3-BF4B-00C04F79EFBC}") = "Wintellect.Sterling.Core", "External\SterlingDB\Wintellect.Sterling.Core\Wintellect.Sterling.Core.csproj", "{7B8F46DA-A437-45C4-B54A-87B418D5701F}"
EndProject
Project("{FAE04EC0-301F-11D3-BF4B-00C04F79EFBC}") = "Tavis.PrivateCache.Sterling", "External\Tavis.PrivateCache.Sterling\src\Tavis.PrivateCache.Sterling\Tavis.PrivateCache.Sterling.csproj", "{FF5D54EB-02CC-4808-B49B-78DA4C780A2A}"
EndProject
Project("{FAE04EC0-301F-11D3-BF4B-00C04F79EFBC}") = "Tavis.PrivateCache.Sterling.Test", "External\Tavis.PrivateCache.Sterling\test\Tavis.PrivateCache.Sterling.Test\Tavis.PrivateCache.Sterling.Test.csproj", "{290C6168-305E-4C6F-BEB6-13C5107D49FC}"
EndProject
Global
	GlobalSection(SolutionConfigurationPlatforms) = preSolution
		Debug|Any CPU = Debug|Any CPU
		Debug|ARM = Debug|ARM
		Debug|Mixed Platforms = Debug|Mixed Platforms
		Debug|x64 = Debug|x64
		Debug|x86 = Debug|x86
		Release|Any CPU = Release|Any CPU
		Release|ARM = Release|ARM
		Release|Mixed Platforms = Release|Mixed Platforms
		Release|x64 = Release|x64
		Release|x86 = Release|x86
	EndGlobalSection
	GlobalSection(ProjectConfigurationPlatforms) = postSolution
		{0FC0DE5E-B18F-4C16-AF70-B77F1DF8BB35}.Debug|Any CPU.ActiveCfg = Debug|Any CPU
		{0FC0DE5E-B18F-4C16-AF70-B77F1DF8BB35}.Debug|Any CPU.Build.0 = Debug|Any CPU
		{0FC0DE5E-B18F-4C16-AF70-B77F1DF8BB35}.Debug|ARM.ActiveCfg = Debug|Any CPU
		{0FC0DE5E-B18F-4C16-AF70-B77F1DF8BB35}.Debug|Mixed Platforms.ActiveCfg = Debug|Any CPU
		{0FC0DE5E-B18F-4C16-AF70-B77F1DF8BB35}.Debug|Mixed Platforms.Build.0 = Debug|Any CPU
		{0FC0DE5E-B18F-4C16-AF70-B77F1DF8BB35}.Debug|x64.ActiveCfg = Debug|Any CPU
		{0FC0DE5E-B18F-4C16-AF70-B77F1DF8BB35}.Debug|x86.ActiveCfg = Debug|Any CPU
		{0FC0DE5E-B18F-4C16-AF70-B77F1DF8BB35}.Release|Any CPU.ActiveCfg = Release|Any CPU
		{0FC0DE5E-B18F-4C16-AF70-B77F1DF8BB35}.Release|Any CPU.Build.0 = Release|Any CPU
		{0FC0DE5E-B18F-4C16-AF70-B77F1DF8BB35}.Release|ARM.ActiveCfg = Release|Any CPU
		{0FC0DE5E-B18F-4C16-AF70-B77F1DF8BB35}.Release|Mixed Platforms.ActiveCfg = Release|Any CPU
		{0FC0DE5E-B18F-4C16-AF70-B77F1DF8BB35}.Release|Mixed Platforms.Build.0 = Release|Any CPU
		{0FC0DE5E-B18F-4C16-AF70-B77F1DF8BB35}.Release|x64.ActiveCfg = Release|Any CPU
		{0FC0DE5E-B18F-4C16-AF70-B77F1DF8BB35}.Release|x86.ActiveCfg = Release|Any CPU
		{015E3ED1-A751-435A-A608-487D088494FB}.Debug|Any CPU.ActiveCfg = Debug|Any CPU
		{015E3ED1-A751-435A-A608-487D088494FB}.Debug|Any CPU.Build.0 = Debug|Any CPU
		{015E3ED1-A751-435A-A608-487D088494FB}.Debug|ARM.ActiveCfg = Debug|Any CPU
		{015E3ED1-A751-435A-A608-487D088494FB}.Debug|Mixed Platforms.ActiveCfg = Debug|Any CPU
		{015E3ED1-A751-435A-A608-487D088494FB}.Debug|Mixed Platforms.Build.0 = Debug|Any CPU
		{015E3ED1-A751-435A-A608-487D088494FB}.Debug|x64.ActiveCfg = Debug|Any CPU
		{015E3ED1-A751-435A-A608-487D088494FB}.Debug|x86.ActiveCfg = Debug|Any CPU
		{015E3ED1-A751-435A-A608-487D088494FB}.Release|Any CPU.ActiveCfg = Release|Any CPU
		{015E3ED1-A751-435A-A608-487D088494FB}.Release|Any CPU.Build.0 = Release|Any CPU
		{015E3ED1-A751-435A-A608-487D088494FB}.Release|ARM.ActiveCfg = Release|Any CPU
		{015E3ED1-A751-435A-A608-487D088494FB}.Release|Mixed Platforms.ActiveCfg = Release|Any CPU
		{015E3ED1-A751-435A-A608-487D088494FB}.Release|Mixed Platforms.Build.0 = Release|Any CPU
		{015E3ED1-A751-435A-A608-487D088494FB}.Release|x64.ActiveCfg = Release|Any CPU
		{015E3ED1-A751-435A-A608-487D088494FB}.Release|x86.ActiveCfg = Release|Any CPU
		{B6DF982C-AECD-42CF-920C-0C0ED3D3CE9A}.Debug|Any CPU.ActiveCfg = Debug|Any CPU
		{B6DF982C-AECD-42CF-920C-0C0ED3D3CE9A}.Debug|Any CPU.Build.0 = Debug|Any CPU
		{B6DF982C-AECD-42CF-920C-0C0ED3D3CE9A}.Debug|ARM.ActiveCfg = Debug|Any CPU
		{B6DF982C-AECD-42CF-920C-0C0ED3D3CE9A}.Debug|Mixed Platforms.ActiveCfg = Debug|Any CPU
		{B6DF982C-AECD-42CF-920C-0C0ED3D3CE9A}.Debug|Mixed Platforms.Build.0 = Debug|Any CPU
		{B6DF982C-AECD-42CF-920C-0C0ED3D3CE9A}.Debug|x64.ActiveCfg = Debug|Any CPU
		{B6DF982C-AECD-42CF-920C-0C0ED3D3CE9A}.Debug|x86.ActiveCfg = Debug|Any CPU
		{B6DF982C-AECD-42CF-920C-0C0ED3D3CE9A}.Release|Any CPU.ActiveCfg = Release|Any CPU
		{B6DF982C-AECD-42CF-920C-0C0ED3D3CE9A}.Release|Any CPU.Build.0 = Release|Any CPU
		{B6DF982C-AECD-42CF-920C-0C0ED3D3CE9A}.Release|ARM.ActiveCfg = Release|Any CPU
		{B6DF982C-AECD-42CF-920C-0C0ED3D3CE9A}.Release|Mixed Platforms.ActiveCfg = Release|Any CPU
		{B6DF982C-AECD-42CF-920C-0C0ED3D3CE9A}.Release|Mixed Platforms.Build.0 = Release|Any CPU
		{B6DF982C-AECD-42CF-920C-0C0ED3D3CE9A}.Release|x64.ActiveCfg = Release|Any CPU
		{B6DF982C-AECD-42CF-920C-0C0ED3D3CE9A}.Release|x86.ActiveCfg = Release|Any CPU
		{0BDD8E4F-945E-4124-A914-C7FF50EA4E3C}.Debug|Any CPU.ActiveCfg = Debug|Any CPU
		{0BDD8E4F-945E-4124-A914-C7FF50EA4E3C}.Debug|Any CPU.Build.0 = Debug|Any CPU
		{0BDD8E4F-945E-4124-A914-C7FF50EA4E3C}.Debug|ARM.ActiveCfg = Debug|Any CPU
		{0BDD8E4F-945E-4124-A914-C7FF50EA4E3C}.Debug|Mixed Platforms.ActiveCfg = Debug|Any CPU
		{0BDD8E4F-945E-4124-A914-C7FF50EA4E3C}.Debug|Mixed Platforms.Build.0 = Debug|Any CPU
		{0BDD8E4F-945E-4124-A914-C7FF50EA4E3C}.Debug|x64.ActiveCfg = Debug|Any CPU
		{0BDD8E4F-945E-4124-A914-C7FF50EA4E3C}.Debug|x86.ActiveCfg = Debug|Any CPU
		{0BDD8E4F-945E-4124-A914-C7FF50EA4E3C}.Release|Any CPU.ActiveCfg = Release|Any CPU
		{0BDD8E4F-945E-4124-A914-C7FF50EA4E3C}.Release|Any CPU.Build.0 = Release|Any CPU
		{0BDD8E4F-945E-4124-A914-C7FF50EA4E3C}.Release|ARM.ActiveCfg = Release|Any CPU
		{0BDD8E4F-945E-4124-A914-C7FF50EA4E3C}.Release|Mixed Platforms.ActiveCfg = Release|Any CPU
		{0BDD8E4F-945E-4124-A914-C7FF50EA4E3C}.Release|Mixed Platforms.Build.0 = Release|Any CPU
		{0BDD8E4F-945E-4124-A914-C7FF50EA4E3C}.Release|x64.ActiveCfg = Release|Any CPU
		{0BDD8E4F-945E-4124-A914-C7FF50EA4E3C}.Release|x86.ActiveCfg = Release|Any CPU
		{ABC6C87E-371B-4547-9C01-D007D3C9C170}.Debug|Any CPU.ActiveCfg = Debug|Any CPU
		{ABC6C87E-371B-4547-9C01-D007D3C9C170}.Debug|Any CPU.Build.0 = Debug|Any CPU
		{ABC6C87E-371B-4547-9C01-D007D3C9C170}.Debug|ARM.ActiveCfg = Debug|Any CPU
		{ABC6C87E-371B-4547-9C01-D007D3C9C170}.Debug|Mixed Platforms.ActiveCfg = Debug|Any CPU
		{ABC6C87E-371B-4547-9C01-D007D3C9C170}.Debug|Mixed Platforms.Build.0 = Debug|Any CPU
		{ABC6C87E-371B-4547-9C01-D007D3C9C170}.Debug|x64.ActiveCfg = Debug|Any CPU
		{ABC6C87E-371B-4547-9C01-D007D3C9C170}.Debug|x86.ActiveCfg = Debug|Any CPU
		{ABC6C87E-371B-4547-9C01-D007D3C9C170}.Release|Any CPU.ActiveCfg = Release|Any CPU
		{ABC6C87E-371B-4547-9C01-D007D3C9C170}.Release|Any CPU.Build.0 = Release|Any CPU
		{ABC6C87E-371B-4547-9C01-D007D3C9C170}.Release|ARM.ActiveCfg = Release|Any CPU
		{ABC6C87E-371B-4547-9C01-D007D3C9C170}.Release|Mixed Platforms.ActiveCfg = Release|Any CPU
		{ABC6C87E-371B-4547-9C01-D007D3C9C170}.Release|Mixed Platforms.Build.0 = Release|Any CPU
		{ABC6C87E-371B-4547-9C01-D007D3C9C170}.Release|x64.ActiveCfg = Release|Any CPU
		{ABC6C87E-371B-4547-9C01-D007D3C9C170}.Release|x86.ActiveCfg = Release|Any CPU
		{49E502EF-2918-4098-AFC4-4461BE012684}.Debug|Any CPU.ActiveCfg = Debug|Any CPU
		{49E502EF-2918-4098-AFC4-4461BE012684}.Debug|Any CPU.Build.0 = Debug|Any CPU
		{49E502EF-2918-4098-AFC4-4461BE012684}.Debug|ARM.ActiveCfg = Debug|Any CPU
		{49E502EF-2918-4098-AFC4-4461BE012684}.Debug|Mixed Platforms.ActiveCfg = Debug|Any CPU
		{49E502EF-2918-4098-AFC4-4461BE012684}.Debug|Mixed Platforms.Build.0 = Debug|Any CPU
		{49E502EF-2918-4098-AFC4-4461BE012684}.Debug|x64.ActiveCfg = Debug|Any CPU
		{49E502EF-2918-4098-AFC4-4461BE012684}.Debug|x86.ActiveCfg = Debug|Any CPU
		{49E502EF-2918-4098-AFC4-4461BE012684}.Release|Any CPU.ActiveCfg = Release|Any CPU
		{49E502EF-2918-4098-AFC4-4461BE012684}.Release|Any CPU.Build.0 = Release|Any CPU
		{49E502EF-2918-4098-AFC4-4461BE012684}.Release|ARM.ActiveCfg = Release|Any CPU
		{49E502EF-2918-4098-AFC4-4461BE012684}.Release|Mixed Platforms.ActiveCfg = Release|Any CPU
		{49E502EF-2918-4098-AFC4-4461BE012684}.Release|Mixed Platforms.Build.0 = Release|Any CPU
		{49E502EF-2918-4098-AFC4-4461BE012684}.Release|x64.ActiveCfg = Release|Any CPU
		{49E502EF-2918-4098-AFC4-4461BE012684}.Release|x86.ActiveCfg = Release|Any CPU
		{01042D2E-E1F1-4E37-B780-74B81F8478AA}.Debug|Any CPU.ActiveCfg = Debug|Any CPU
		{01042D2E-E1F1-4E37-B780-74B81F8478AA}.Debug|Any CPU.Build.0 = Debug|Any CPU
		{01042D2E-E1F1-4E37-B780-74B81F8478AA}.Debug|ARM.ActiveCfg = Debug|Any CPU
		{01042D2E-E1F1-4E37-B780-74B81F8478AA}.Debug|Mixed Platforms.ActiveCfg = Debug|Any CPU
		{01042D2E-E1F1-4E37-B780-74B81F8478AA}.Debug|Mixed Platforms.Build.0 = Debug|Any CPU
		{01042D2E-E1F1-4E37-B780-74B81F8478AA}.Debug|x64.ActiveCfg = Debug|Any CPU
		{01042D2E-E1F1-4E37-B780-74B81F8478AA}.Debug|x86.ActiveCfg = Debug|Any CPU
		{01042D2E-E1F1-4E37-B780-74B81F8478AA}.Release|Any CPU.ActiveCfg = Release|Any CPU
		{01042D2E-E1F1-4E37-B780-74B81F8478AA}.Release|Any CPU.Build.0 = Release|Any CPU
		{01042D2E-E1F1-4E37-B780-74B81F8478AA}.Release|ARM.ActiveCfg = Release|Any CPU
		{01042D2E-E1F1-4E37-B780-74B81F8478AA}.Release|Mixed Platforms.ActiveCfg = Release|Any CPU
		{01042D2E-E1F1-4E37-B780-74B81F8478AA}.Release|Mixed Platforms.Build.0 = Release|Any CPU
		{01042D2E-E1F1-4E37-B780-74B81F8478AA}.Release|x64.ActiveCfg = Release|Any CPU
		{01042D2E-E1F1-4E37-B780-74B81F8478AA}.Release|x86.ActiveCfg = Release|Any CPU
		{43FC7859-350B-4875-B4DE-BFDDA4C9113F}.Debug|Any CPU.ActiveCfg = Debug|Any CPU
		{43FC7859-350B-4875-B4DE-BFDDA4C9113F}.Debug|Any CPU.Build.0 = Debug|Any CPU
		{43FC7859-350B-4875-B4DE-BFDDA4C9113F}.Debug|ARM.ActiveCfg = Debug|Any CPU
		{43FC7859-350B-4875-B4DE-BFDDA4C9113F}.Debug|Mixed Platforms.ActiveCfg = Debug|Any CPU
		{43FC7859-350B-4875-B4DE-BFDDA4C9113F}.Debug|Mixed Platforms.Build.0 = Debug|Any CPU
		{43FC7859-350B-4875-B4DE-BFDDA4C9113F}.Debug|x64.ActiveCfg = Debug|Any CPU
		{43FC7859-350B-4875-B4DE-BFDDA4C9113F}.Debug|x86.ActiveCfg = Debug|Any CPU
		{43FC7859-350B-4875-B4DE-BFDDA4C9113F}.Release|Any CPU.ActiveCfg = Release|Any CPU
		{43FC7859-350B-4875-B4DE-BFDDA4C9113F}.Release|Any CPU.Build.0 = Release|Any CPU
		{43FC7859-350B-4875-B4DE-BFDDA4C9113F}.Release|ARM.ActiveCfg = Release|Any CPU
		{43FC7859-350B-4875-B4DE-BFDDA4C9113F}.Release|Mixed Platforms.ActiveCfg = Release|Any CPU
		{43FC7859-350B-4875-B4DE-BFDDA4C9113F}.Release|Mixed Platforms.Build.0 = Release|Any CPU
		{43FC7859-350B-4875-B4DE-BFDDA4C9113F}.Release|x64.ActiveCfg = Release|Any CPU
		{43FC7859-350B-4875-B4DE-BFDDA4C9113F}.Release|x86.ActiveCfg = Release|Any CPU
		{33911319-004E-488D-B583-3F93284AB4DD}.Debug|Any CPU.ActiveCfg = Debug|Any CPU
		{33911319-004E-488D-B583-3F93284AB4DD}.Debug|Any CPU.Build.0 = Debug|Any CPU
		{33911319-004E-488D-B583-3F93284AB4DD}.Debug|ARM.ActiveCfg = Debug|Any CPU
		{33911319-004E-488D-B583-3F93284AB4DD}.Debug|Mixed Platforms.ActiveCfg = Debug|Any CPU
		{33911319-004E-488D-B583-3F93284AB4DD}.Debug|Mixed Platforms.Build.0 = Debug|Any CPU
		{33911319-004E-488D-B583-3F93284AB4DD}.Debug|x64.ActiveCfg = Debug|Any CPU
		{33911319-004E-488D-B583-3F93284AB4DD}.Debug|x86.ActiveCfg = Debug|Any CPU
		{33911319-004E-488D-B583-3F93284AB4DD}.Release|Any CPU.ActiveCfg = Release|Any CPU
		{33911319-004E-488D-B583-3F93284AB4DD}.Release|Any CPU.Build.0 = Release|Any CPU
		{33911319-004E-488D-B583-3F93284AB4DD}.Release|ARM.ActiveCfg = Release|Any CPU
		{33911319-004E-488D-B583-3F93284AB4DD}.Release|Mixed Platforms.ActiveCfg = Release|Any CPU
		{33911319-004E-488D-B583-3F93284AB4DD}.Release|Mixed Platforms.Build.0 = Release|Any CPU
		{33911319-004E-488D-B583-3F93284AB4DD}.Release|x64.ActiveCfg = Release|Any CPU
		{33911319-004E-488D-B583-3F93284AB4DD}.Release|x86.ActiveCfg = Release|Any CPU
		{C3901580-5F8E-45B7-83C1-BB7DCB667273}.Debug|Any CPU.ActiveCfg = Debug|Any CPU
		{C3901580-5F8E-45B7-83C1-BB7DCB667273}.Debug|Any CPU.Build.0 = Debug|Any CPU
		{C3901580-5F8E-45B7-83C1-BB7DCB667273}.Debug|ARM.ActiveCfg = Debug|Any CPU
		{C3901580-5F8E-45B7-83C1-BB7DCB667273}.Debug|Mixed Platforms.ActiveCfg = Debug|Any CPU
		{C3901580-5F8E-45B7-83C1-BB7DCB667273}.Debug|Mixed Platforms.Build.0 = Debug|Any CPU
		{C3901580-5F8E-45B7-83C1-BB7DCB667273}.Debug|x64.ActiveCfg = Debug|Any CPU
		{C3901580-5F8E-45B7-83C1-BB7DCB667273}.Debug|x86.ActiveCfg = Debug|Any CPU
		{C3901580-5F8E-45B7-83C1-BB7DCB667273}.Release|Any CPU.ActiveCfg = Release|Any CPU
		{C3901580-5F8E-45B7-83C1-BB7DCB667273}.Release|Any CPU.Build.0 = Release|Any CPU
		{C3901580-5F8E-45B7-83C1-BB7DCB667273}.Release|ARM.ActiveCfg = Release|Any CPU
		{C3901580-5F8E-45B7-83C1-BB7DCB667273}.Release|Mixed Platforms.ActiveCfg = Release|Any CPU
		{C3901580-5F8E-45B7-83C1-BB7DCB667273}.Release|Mixed Platforms.Build.0 = Release|Any CPU
		{C3901580-5F8E-45B7-83C1-BB7DCB667273}.Release|x64.ActiveCfg = Release|Any CPU
		{C3901580-5F8E-45B7-83C1-BB7DCB667273}.Release|x86.ActiveCfg = Release|Any CPU
		{5318637C-41C9-43EB-A357-DC40B00E008F}.Debug|Any CPU.ActiveCfg = Debug|Any CPU
		{5318637C-41C9-43EB-A357-DC40B00E008F}.Debug|Any CPU.Build.0 = Debug|Any CPU
		{5318637C-41C9-43EB-A357-DC40B00E008F}.Debug|ARM.ActiveCfg = Debug|Any CPU
		{5318637C-41C9-43EB-A357-DC40B00E008F}.Debug|Mixed Platforms.ActiveCfg = Debug|Any CPU
		{5318637C-41C9-43EB-A357-DC40B00E008F}.Debug|Mixed Platforms.Build.0 = Debug|Any CPU
		{5318637C-41C9-43EB-A357-DC40B00E008F}.Debug|x64.ActiveCfg = Debug|Any CPU
		{5318637C-41C9-43EB-A357-DC40B00E008F}.Debug|x86.ActiveCfg = Debug|Any CPU
		{5318637C-41C9-43EB-A357-DC40B00E008F}.Release|Any CPU.ActiveCfg = Release|Any CPU
		{5318637C-41C9-43EB-A357-DC40B00E008F}.Release|Any CPU.Build.0 = Release|Any CPU
		{5318637C-41C9-43EB-A357-DC40B00E008F}.Release|ARM.ActiveCfg = Release|Any CPU
		{5318637C-41C9-43EB-A357-DC40B00E008F}.Release|Mixed Platforms.ActiveCfg = Release|Any CPU
		{5318637C-41C9-43EB-A357-DC40B00E008F}.Release|Mixed Platforms.Build.0 = Release|Any CPU
		{5318637C-41C9-43EB-A357-DC40B00E008F}.Release|x64.ActiveCfg = Release|Any CPU
		{5318637C-41C9-43EB-A357-DC40B00E008F}.Release|x86.ActiveCfg = Release|Any CPU
		{81A0113C-44C8-44F3-B855-9FFAF5E63FC5}.Debug|Any CPU.ActiveCfg = Debug|Any CPU
		{81A0113C-44C8-44F3-B855-9FFAF5E63FC5}.Debug|Any CPU.Build.0 = Debug|Any CPU
		{81A0113C-44C8-44F3-B855-9FFAF5E63FC5}.Debug|ARM.ActiveCfg = Debug|Any CPU
		{81A0113C-44C8-44F3-B855-9FFAF5E63FC5}.Debug|Mixed Platforms.ActiveCfg = Debug|Any CPU
		{81A0113C-44C8-44F3-B855-9FFAF5E63FC5}.Debug|Mixed Platforms.Build.0 = Debug|Any CPU
		{81A0113C-44C8-44F3-B855-9FFAF5E63FC5}.Debug|x64.ActiveCfg = Debug|Any CPU
		{81A0113C-44C8-44F3-B855-9FFAF5E63FC5}.Debug|x86.ActiveCfg = Debug|Any CPU
		{81A0113C-44C8-44F3-B855-9FFAF5E63FC5}.Release|Any CPU.ActiveCfg = Release|Any CPU
		{81A0113C-44C8-44F3-B855-9FFAF5E63FC5}.Release|Any CPU.Build.0 = Release|Any CPU
		{81A0113C-44C8-44F3-B855-9FFAF5E63FC5}.Release|ARM.ActiveCfg = Release|Any CPU
		{81A0113C-44C8-44F3-B855-9FFAF5E63FC5}.Release|Mixed Platforms.ActiveCfg = Release|Any CPU
		{81A0113C-44C8-44F3-B855-9FFAF5E63FC5}.Release|Mixed Platforms.Build.0 = Release|Any CPU
		{81A0113C-44C8-44F3-B855-9FFAF5E63FC5}.Release|x64.ActiveCfg = Release|Any CPU
		{81A0113C-44C8-44F3-B855-9FFAF5E63FC5}.Release|x86.ActiveCfg = Release|Any CPU
		{7B8F46DA-A437-45C4-B54A-87B418D5701F}.Debug|Any CPU.ActiveCfg = Debug|Any CPU
		{7B8F46DA-A437-45C4-B54A-87B418D5701F}.Debug|Any CPU.Build.0 = Debug|Any CPU
		{7B8F46DA-A437-45C4-B54A-87B418D5701F}.Debug|ARM.ActiveCfg = Debug|Any CPU
		{7B8F46DA-A437-45C4-B54A-87B418D5701F}.Debug|Mixed Platforms.ActiveCfg = Debug|Any CPU
		{7B8F46DA-A437-45C4-B54A-87B418D5701F}.Debug|Mixed Platforms.Build.0 = Debug|Any CPU
		{7B8F46DA-A437-45C4-B54A-87B418D5701F}.Debug|x64.ActiveCfg = Debug|Any CPU
		{7B8F46DA-A437-45C4-B54A-87B418D5701F}.Debug|x86.ActiveCfg = Debug|Any CPU
		{7B8F46DA-A437-45C4-B54A-87B418D5701F}.Release|Any CPU.ActiveCfg = Release|Any CPU
		{7B8F46DA-A437-45C4-B54A-87B418D5701F}.Release|Any CPU.Build.0 = Release|Any CPU
		{7B8F46DA-A437-45C4-B54A-87B418D5701F}.Release|ARM.ActiveCfg = Release|Any CPU
		{7B8F46DA-A437-45C4-B54A-87B418D5701F}.Release|Mixed Platforms.ActiveCfg = Release|Any CPU
		{7B8F46DA-A437-45C4-B54A-87B418D5701F}.Release|Mixed Platforms.Build.0 = Release|Any CPU
		{7B8F46DA-A437-45C4-B54A-87B418D5701F}.Release|x64.ActiveCfg = Release|Any CPU
		{7B8F46DA-A437-45C4-B54A-87B418D5701F}.Release|x86.ActiveCfg = Release|Any CPU
		{FF5D54EB-02CC-4808-B49B-78DA4C780A2A}.Debug|Any CPU.ActiveCfg = Debug|Any CPU
		{FF5D54EB-02CC-4808-B49B-78DA4C780A2A}.Debug|Any CPU.Build.0 = Debug|Any CPU
		{FF5D54EB-02CC-4808-B49B-78DA4C780A2A}.Debug|ARM.ActiveCfg = Debug|Any CPU
		{FF5D54EB-02CC-4808-B49B-78DA4C780A2A}.Debug|Mixed Platforms.ActiveCfg = Debug|Any CPU
		{FF5D54EB-02CC-4808-B49B-78DA4C780A2A}.Debug|Mixed Platforms.Build.0 = Debug|Any CPU
		{FF5D54EB-02CC-4808-B49B-78DA4C780A2A}.Debug|x64.ActiveCfg = Debug|Any CPU
		{FF5D54EB-02CC-4808-B49B-78DA4C780A2A}.Debug|x86.ActiveCfg = Debug|Any CPU
		{FF5D54EB-02CC-4808-B49B-78DA4C780A2A}.Release|Any CPU.ActiveCfg = Release|Any CPU
		{FF5D54EB-02CC-4808-B49B-78DA4C780A2A}.Release|Any CPU.Build.0 = Release|Any CPU
		{FF5D54EB-02CC-4808-B49B-78DA4C780A2A}.Release|ARM.ActiveCfg = Release|Any CPU
		{FF5D54EB-02CC-4808-B49B-78DA4C780A2A}.Release|Mixed Platforms.ActiveCfg = Release|Any CPU
		{FF5D54EB-02CC-4808-B49B-78DA4C780A2A}.Release|Mixed Platforms.Build.0 = Release|Any CPU
		{FF5D54EB-02CC-4808-B49B-78DA4C780A2A}.Release|x64.ActiveCfg = Release|Any CPU
		{FF5D54EB-02CC-4808-B49B-78DA4C780A2A}.Release|x86.ActiveCfg = Release|Any CPU
		{290C6168-305E-4C6F-BEB6-13C5107D49FC}.Debug|Any CPU.ActiveCfg = Debug|Any CPU
		{290C6168-305E-4C6F-BEB6-13C5107D49FC}.Debug|Any CPU.Build.0 = Debug|Any CPU
		{290C6168-305E-4C6F-BEB6-13C5107D49FC}.Debug|ARM.ActiveCfg = Debug|Any CPU
		{290C6168-305E-4C6F-BEB6-13C5107D49FC}.Debug|Mixed Platforms.ActiveCfg = Debug|Any CPU
		{290C6168-305E-4C6F-BEB6-13C5107D49FC}.Debug|Mixed Platforms.Build.0 = Debug|Any CPU
		{290C6168-305E-4C6F-BEB6-13C5107D49FC}.Debug|x64.ActiveCfg = Debug|Any CPU
		{290C6168-305E-4C6F-BEB6-13C5107D49FC}.Debug|x86.ActiveCfg = Debug|Any CPU
		{290C6168-305E-4C6F-BEB6-13C5107D49FC}.Release|Any CPU.ActiveCfg = Release|Any CPU
		{290C6168-305E-4C6F-BEB6-13C5107D49FC}.Release|Any CPU.Build.0 = Release|Any CPU
		{290C6168-305E-4C6F-BEB6-13C5107D49FC}.Release|ARM.ActiveCfg = Release|Any CPU
		{290C6168-305E-4C6F-BEB6-13C5107D49FC}.Release|Mixed Platforms.ActiveCfg = Release|Any CPU
		{290C6168-305E-4C6F-BEB6-13C5107D49FC}.Release|Mixed Platforms.Build.0 = Release|Any CPU
		{290C6168-305E-4C6F-BEB6-13C5107D49FC}.Release|x64.ActiveCfg = Release|Any CPU
		{290C6168-305E-4C6F-BEB6-13C5107D49FC}.Release|x86.ActiveCfg = Release|Any CPU
	EndGlobalSection
	GlobalSection(SolutionProperties) = preSolution
		HideSolutionNode = FALSE
	EndGlobalSection
	GlobalSection(NestedProjects) = preSolution
		{586D50E0-49CF-44D2-9C61-447C46BA170C} = {257B821C-5795-4A0D-9B50-165ABA114CCC}
	EndGlobalSection
	GlobalSection(TestCaseManagementSettings) = postSolution
		CategoryFile = DiversityPhone.vsmdi
	EndGlobalSection
EndGlobal
